
Microsoft Visual Studio Solution File, Format Version 12.00
# Visual Studio 2012
Project("{FAE04EC0-301F-11D3-BF4B-00C04F79EFBC}") = "Lunch.Website", "Lunch.Website\Lunch.Website.csproj", "{2F312CF0-678A-4BF1-9DDF-559B3F0CDAB6}"
EndProject
Project("{FAE04EC0-301F-11D3-BF4B-00C04F79EFBC}") = "Lunch.Core", "Lunch.Core\Lunch.Core.csproj", "{5DD60C57-3A10-4538-A46D-C934F236E8D3}"
EndProject
Project("{FAE04EC0-301F-11D3-BF4B-00C04F79EFBC}") = "Lunch.UnitTests", "Lunch.UnitTests\Lunch.UnitTests.csproj", "{FDF30865-3B4B-4B18-BF2D-8D10452D6900}"
EndProject
Project("{FAE04EC0-301F-11D3-BF4B-00C04F79EFBC}") = "Lunch.Data", "Lunch.Data\Lunch.Data.csproj", "{45AFC077-B16D-4AF1-95C5-B1EFE3187ACE}"
EndProject
Global
	GlobalSection(SolutionConfigurationPlatforms) = preSolution
		Debug|Any CPU = Debug|Any CPU
		Debug|ARM = Debug|ARM
		Debug|x64 = Debug|x64
		Debug|x86 = Debug|x86
		Release|Any CPU = Release|Any CPU
		Release|ARM = Release|ARM
		Release|x64 = Release|x64
		Release|x86 = Release|x86
	EndGlobalSection
	GlobalSection(ProjectConfigurationPlatforms) = postSolution
		{2F312CF0-678A-4BF1-9DDF-559B3F0CDAB6}.Debug|Any CPU.ActiveCfg = Debug|Any CPU
		{2F312CF0-678A-4BF1-9DDF-559B3F0CDAB6}.Debug|Any CPU.Build.0 = Debug|Any CPU
		{2F312CF0-678A-4BF1-9DDF-559B3F0CDAB6}.Debug|ARM.ActiveCfg = Debug|Any CPU
		{2F312CF0-678A-4BF1-9DDF-559B3F0CDAB6}.Debug|x64.ActiveCfg = Debug|Any CPU
		{2F312CF0-678A-4BF1-9DDF-559B3F0CDAB6}.Debug|x86.ActiveCfg = Debug|Any CPU
		{2F312CF0-678A-4BF1-9DDF-559B3F0CDAB6}.Release|Any CPU.ActiveCfg = Release|Any CPU
		{2F312CF0-678A-4BF1-9DDF-559B3F0CDAB6}.Release|Any CPU.Build.0 = Release|Any CPU
		{2F312CF0-678A-4BF1-9DDF-559B3F0CDAB6}.Release|ARM.ActiveCfg = Release|Any CPU
		{2F312CF0-678A-4BF1-9DDF-559B3F0CDAB6}.Release|x64.ActiveCfg = Release|Any CPU
		{2F312CF0-678A-4BF1-9DDF-559B3F0CDAB6}.Release|x86.ActiveCfg = Release|Any CPU
		{5DD60C57-3A10-4538-A46D-C934F236E8D3}.Debug|Any CPU.ActiveCfg = Debug|Any CPU
		{5DD60C57-3A10-4538-A46D-C934F236E8D3}.Debug|Any CPU.Build.0 = Debug|Any CPU
		{5DD60C57-3A10-4538-A46D-C934F236E8D3}.Debug|ARM.ActiveCfg = Debug|Any CPU
		{5DD60C57-3A10-4538-A46D-C934F236E8D3}.Debug|x64.ActiveCfg = Debug|Any CPU
		{5DD60C57-3A10-4538-A46D-C934F236E8D3}.Debug|x86.ActiveCfg = Debug|Any CPU
		{5DD60C57-3A10-4538-A46D-C934F236E8D3}.Release|Any CPU.ActiveCfg = Release|Any CPU
		{5DD60C57-3A10-4538-A46D-C934F236E8D3}.Release|Any CPU.Build.0 = Release|Any CPU
		{5DD60C57-3A10-4538-A46D-C934F236E8D3}.Release|ARM.ActiveCfg = Release|Any CPU
		{5DD60C57-3A10-4538-A46D-C934F236E8D3}.Release|x64.ActiveCfg = Release|Any CPU
		{5DD60C57-3A10-4538-A46D-C934F236E8D3}.Release|x86.ActiveCfg = Release|Any CPU
		{FDF30865-3B4B-4B18-BF2D-8D10452D6900}.Debug|Any CPU.ActiveCfg = Debug|Any CPU
		{FDF30865-3B4B-4B18-BF2D-8D10452D6900}.Debug|Any CPU.Build.0 = Debug|Any CPU
		{FDF30865-3B4B-4B18-BF2D-8D10452D6900}.Debug|ARM.ActiveCfg = Debug|Any CPU
		{FDF30865-3B4B-4B18-BF2D-8D10452D6900}.Debug|x64.ActiveCfg = Debug|Any CPU
		{FDF30865-3B4B-4B18-BF2D-8D10452D6900}.Debug|x86.ActiveCfg = Debug|Any CPU
		{FDF30865-3B4B-4B18-BF2D-8D10452D6900}.Release|Any CPU.ActiveCfg = Release|Any CPU
		{FDF30865-3B4B-4B18-BF2D-8D10452D6900}.Release|Any CPU.Build.0 = Release|Any CPU
		{FDF30865-3B4B-4B18-BF2D-8D10452D6900}.Release|ARM.ActiveCfg = Release|Any CPU
		{FDF30865-3B4B-4B18-BF2D-8D10452D6900}.Release|x64.ActiveCfg = Release|Any CPU
		{FDF30865-3B4B-4B18-BF2D-8D10452D6900}.Release|x86.ActiveCfg = Release|Any CPU
		{45AFC077-B16D-4AF1-95C5-B1EFE3187ACE}.Debug|Any CPU.ActiveCfg = Debug|Any CPU
		{45AFC077-B16D-4AF1-95C5-B1EFE3187ACE}.Debug|Any CPU.Build.0 = Debug|Any CPU
		{45AFC077-B16D-4AF1-95C5-B1EFE3187ACE}.Debug|ARM.ActiveCfg = Debug|Any CPU
		{45AFC077-B16D-4AF1-95C5-B1EFE3187ACE}.Debug|x64.ActiveCfg = Debug|Any CPU
		{45AFC077-B16D-4AF1-95C5-B1EFE3187ACE}.Debug|x86.ActiveCfg = Debug|Any CPU
		{45AFC077-B16D-4AF1-95C5-B1EFE3187ACE}.Release|Any CPU.ActiveCfg = Release|Any CPU
		{45AFC077-B16D-4AF1-95C5-B1EFE3187ACE}.Release|Any CPU.Build.0 = Release|Any CPU
		{45AFC077-B16D-4AF1-95C5-B1EFE3187ACE}.Release|ARM.ActiveCfg = Release|Any CPU
		{45AFC077-B16D-4AF1-95C5-B1EFE3187ACE}.Release|x64.ActiveCfg = Release|Any CPU
		{45AFC077-B16D-4AF1-95C5-B1EFE3187ACE}.Release|x86.ActiveCfg = Release|Any CPU
	EndGlobalSection
	GlobalSection(SolutionProperties) = preSolution
		HideSolutionNode = FALSE
	EndGlobalSection
EndGlobal
